
Microsoft Visual Studio Solution File, Format Version 12.00
# Visual Studio Version 17
VisualStudioVersion = 17.7.34202.233
MinimumVisualStudioVersion = 10.0.40219.1
Project("{FAE04EC0-301F-11D3-BF4B-00C04F79EFBC}") = "CS311_FinalProject_DCC", "CS311_FinalProject_DCC.csproj", "{EE768C2E-3322-4021-A9DE-097136F4EF38}"
EndProject
Global
	GlobalSection(SolutionConfigurationPlatforms) = preSolution
		Debug|Any CPU = Debug|Any CPU
		Release|Any CPU = Release|Any CPU
	EndGlobalSection
	GlobalSection(ProjectConfigurationPlatforms) = postSolution
		{EE768C2E-3322-4021-A9DE-097136F4EF38}.Debug|Any CPU.ActiveCfg = Debug|Any CPU
		{EE768C2E-3322-4021-A9DE-097136F4EF38}.Debug|Any CPU.Build.0 = Debug|Any CPU
		{EE768C2E-3322-4021-A9DE-097136F4EF38}.Release|Any CPU.ActiveCfg = Release|Any CPU
		{EE768C2E-3322-4021-A9DE-097136F4EF38}.Release|Any CPU.Build.0 = Release|Any CPU
	EndGlobalSection
	GlobalSection(SolutionProperties) = preSolution
		HideSolutionNode = FALSE
	EndGlobalSection
	GlobalSection(ExtensibilityGlobals) = postSolution
		SolutionGuid = {4302EF7F-DFA2-4141-81A8-E3889FD8F4D8}
	EndGlobalSection
EndGlobal
